// !$*UTF8*$!
{
	archiveVersion = 1;
	classes = {
	};
	objectVersion = 55;
	objects = {

/* Begin PBXBuildFile section */
		6424C0FA1CC6C1DB28E4590D /* StringHtml.swift in Sources */ = {isa = PBXBuildFile; fileRef = 6424C152B951A858179A762B /* StringHtml.swift */; };
		6424C3B1D0F6855EF598CCA4 /* BookFileDto.swift in Sources */ = {isa = PBXBuildFile; fileRef = 6424C516D4085774782BF804 /* BookFileDto.swift */; };
		6424C75D0015B7670563AA3F /* BookFile.swift in Sources */ = {isa = PBXBuildFile; fileRef = 6424CCEDDE4EF89DFDE29C5A /* BookFile.swift */; };
		6424CC82C08A6C586E3CE56C /* GetBookFiles.swift in Sources */ = {isa = PBXBuildFile; fileRef = 6424C00AB64145722156CB18 /* GetBookFiles.swift */; };
		6424CEC058D5D6B951485B05 /* UIKLabel.swift in Sources */ = {isa = PBXBuildFile; fileRef = 6424C1FEC41C6D00BD0902DD /* UIKLabel.swift */; };
		AD0D19AF287310420023FB46 /* BookDetails.swift in Sources */ = {isa = PBXBuildFile; fileRef = AD0D19AE287310420023FB46 /* BookDetails.swift */; };
		AD0D19B0287310420023FB46 /* BookDetails.swift in Sources */ = {isa = PBXBuildFile; fileRef = AD0D19AE287310420023FB46 /* BookDetails.swift */; };
		AD0D19B3287314BC0023FB46 /* Book.swift in Sources */ = {isa = PBXBuildFile; fileRef = AD0D19B2287314BC0023FB46 /* Book.swift */; };
		AD0D19B4287314BC0023FB46 /* Book.swift in Sources */ = {isa = PBXBuildFile; fileRef = AD0D19B2287314BC0023FB46 /* Book.swift */; };
		AD0D19B6287316E90023FB46 /* BookDto.swift in Sources */ = {isa = PBXBuildFile; fileRef = AD0D19B5287316E90023FB46 /* BookDto.swift */; };
		AD0D19B7287316E90023FB46 /* BookDto.swift in Sources */ = {isa = PBXBuildFile; fileRef = AD0D19B5287316E90023FB46 /* BookDto.swift */; };
		AD0D19BC287483420023FB46 /* DownloadBooks.swift in Sources */ = {isa = PBXBuildFile; fileRef = AD0D19BB287483420023FB46 /* DownloadBooks.swift */; };
		AD0D19BD287483420023FB46 /* DownloadBooks.swift in Sources */ = {isa = PBXBuildFile; fileRef = AD0D19BB287483420023FB46 /* DownloadBooks.swift */; };
		AD18FE0E28901A2F00D4DDE9 /* CarouselElement.swift in Sources */ = {isa = PBXBuildFile; fileRef = AD18FE0D28901A2F00D4DDE9 /* CarouselElement.swift */; };
		AD43001C2870824B005D64B8 /* GetBooks.swift in Sources */ = {isa = PBXBuildFile; fileRef = AD43001B2870824B005D64B8 /* GetBooks.swift */; };
		AD4300242871BB37005D64B8 /* TabMenu.swift in Sources */ = {isa = PBXBuildFile; fileRef = AD4300232871BB37005D64B8 /* TabMenu.swift */; };
		AD4300252871BB37005D64B8 /* TabMenu.swift in Sources */ = {isa = PBXBuildFile; fileRef = AD4300232871BB37005D64B8 /* TabMenu.swift */; };
		AD4300272871BCC4005D64B8 /* SearchBook.swift in Sources */ = {isa = PBXBuildFile; fileRef = AD4300262871BCC4005D64B8 /* SearchBook.swift */; };
		AD4300282871BCC4005D64B8 /* SearchBook.swift in Sources */ = {isa = PBXBuildFile; fileRef = AD4300262871BCC4005D64B8 /* SearchBook.swift */; };
		AD43002A2871BE5E005D64B8 /* SearchBooks.swift in Sources */ = {isa = PBXBuildFile; fileRef = AD4300292871BE5E005D64B8 /* SearchBooks.swift */; };
		AD43002B2871BE5E005D64B8 /* SearchBooks.swift in Sources */ = {isa = PBXBuildFile; fileRef = AD4300292871BE5E005D64B8 /* SearchBooks.swift */; };
		AD43002D2871C3E5005D64B8 /* SearchBookDto.swift in Sources */ = {isa = PBXBuildFile; fileRef = AD43002C2871C3E5005D64B8 /* SearchBookDto.swift */; };
		AD43002E2871C3E5005D64B8 /* SearchBookDto.swift in Sources */ = {isa = PBXBuildFile; fileRef = AD43002C2871C3E5005D64B8 /* SearchBookDto.swift */; };
		AD5A593D2879FFA800C462F0 /* DebounceObject.swift in Sources */ = {isa = PBXBuildFile; fileRef = AD5A593C2879FFA800C462F0 /* DebounceObject.swift */; };
		AD5A593F287A1A0300C462F0 /* CarouselBookView.swift in Sources */ = {isa = PBXBuildFile; fileRef = AD5A593E287A1A0300C462F0 /* CarouselBookView.swift */; };
		ADAA56A42870420300A2B960 /* Home.swift in Sources */ = {isa = PBXBuildFile; fileRef = ADAA56A32870420300A2B960 /* Home.swift */; };
		ADAA56A52870420300A2B960 /* Home.swift in Sources */ = {isa = PBXBuildFile; fileRef = ADAA56A32870420300A2B960 /* Home.swift */; };
		ADAA56A72870455200A2B960 /* CircleView.swift in Sources */ = {isa = PBXBuildFile; fileRef = ADAA56A62870455200A2B960 /* CircleView.swift */; };
		ADAA56A82870455200A2B960 /* CircleView.swift in Sources */ = {isa = PBXBuildFile; fileRef = ADAA56A62870455200A2B960 /* CircleView.swift */; };
		ADAA56AE28704DDB00A2B960 /* AudioPlayer.swift in Sources */ = {isa = PBXBuildFile; fileRef = ADAA56AD28704DDB00A2B960 /* AudioPlayer.swift */; };
		ADAA56AF28704DDB00A2B960 /* AudioPlayer.swift in Sources */ = {isa = PBXBuildFile; fileRef = ADAA56AD28704DDB00A2B960 /* AudioPlayer.swift */; };
		ADB50B452874E99E00DFA47F /* LoadingView.swift in Sources */ = {isa = PBXBuildFile; fileRef = ADB50B442874E99E00DFA47F /* LoadingView.swift */; };
		ADB50B462874E99E00DFA47F /* LoadingView.swift in Sources */ = {isa = PBXBuildFile; fileRef = ADB50B442874E99E00DFA47F /* LoadingView.swift */; };
		ADB50B4B2875DB1400DFA47F /* CarouselView.swift in Sources */ = {isa = PBXBuildFile; fileRef = ADB50B4A2875DB1400DFA47F /* CarouselView.swift */; };
		ADB50B4C2875DB1400DFA47F /* CarouselView.swift in Sources */ = {isa = PBXBuildFile; fileRef = ADB50B4A2875DB1400DFA47F /* CarouselView.swift */; };
		ADB50B4E2875DC4300DFA47F /* Carousel.swift in Sources */ = {isa = PBXBuildFile; fileRef = ADB50B4D2875DC4300DFA47F /* Carousel.swift */; };
		ADB50B4F2875DC4300DFA47F /* Carousel.swift in Sources */ = {isa = PBXBuildFile; fileRef = ADB50B4D2875DC4300DFA47F /* Carousel.swift */; };
		ADC20A3B2872BDC800FF7206 /* BookCellViewAdd.swift in Sources */ = {isa = PBXBuildFile; fileRef = ADC20A3A2872BDC800FF7206 /* BookCellViewAdd.swift */; };
		ADC20A3C2872BDC800FF7206 /* BookCellViewAdd.swift in Sources */ = {isa = PBXBuildFile; fileRef = ADC20A3A2872BDC800FF7206 /* BookCellViewAdd.swift */; };
		ADC20A3E2872C1D200FF7206 /* AddBook.swift in Sources */ = {isa = PBXBuildFile; fileRef = ADC20A3D2872C1D200FF7206 /* AddBook.swift */; };
		ADC20A3F2872C1D200FF7206 /* AddBook.swift in Sources */ = {isa = PBXBuildFile; fileRef = ADC20A3D2872C1D200FF7206 /* AddBook.swift */; };
		ADEBA9B9286E2D8B0083D038 /* boissibookApp.swift in Sources */ = {isa = PBXBuildFile; fileRef = ADEBA9A9286E2D890083D038 /* boissibookApp.swift */; };
		ADEBA9BA286E2D8B0083D038 /* boissibookApp.swift in Sources */ = {isa = PBXBuildFile; fileRef = ADEBA9A9286E2D890083D038 /* boissibookApp.swift */; };
		ADEBA9BB286E2D8B0083D038 /* ContentView.swift in Sources */ = {isa = PBXBuildFile; fileRef = ADEBA9AA286E2D890083D038 /* ContentView.swift */; };
		ADEBA9BC286E2D8B0083D038 /* ContentView.swift in Sources */ = {isa = PBXBuildFile; fileRef = ADEBA9AA286E2D890083D038 /* ContentView.swift */; };
		ADEBA9BD286E2D8B0083D038 /* Assets.xcassets in Resources */ = {isa = PBXBuildFile; fileRef = ADEBA9AB286E2D8B0083D038 /* Assets.xcassets */; };
		ADEBA9BE286E2D8B0083D038 /* Assets.xcassets in Resources */ = {isa = PBXBuildFile; fileRef = ADEBA9AB286E2D8B0083D038 /* Assets.xcassets */; };
		ADEBA9CE286E39950083D038 /* BooksHome.swift in Sources */ = {isa = PBXBuildFile; fileRef = ADEBA9CD286E39950083D038 /* BooksHome.swift */; };
		ADEBA9CF286E39950083D038 /* BooksHome.swift in Sources */ = {isa = PBXBuildFile; fileRef = ADEBA9CD286E39950083D038 /* BooksHome.swift */; };
		ADEBA9D428703F640083D038 /* BookCellView.swift in Sources */ = {isa = PBXBuildFile; fileRef = ADEBA9D328703F640083D038 /* BookCellView.swift */; };
		ADEBA9D528703F640083D038 /* BookCellView.swift in Sources */ = {isa = PBXBuildFile; fileRef = ADEBA9D328703F640083D038 /* BookCellView.swift */; };
		D4F11162287D6FC000E9618F /* PdfBookView.swift in Sources */ = {isa = PBXBuildFile; fileRef = D4F11161287D6FC000E9618F /* PdfBookView.swift */; };
		D4F11163287D6FC000E9618F /* PdfBookView.swift in Sources */ = {isa = PBXBuildFile; fileRef = D4F11161287D6FC000E9618F /* PdfBookView.swift */; };
/* End PBXBuildFile section */

/* Begin PBXFileReference section */
		6424C00AB64145722156CB18 /* GetBookFiles.swift */ = {isa = PBXFileReference; fileEncoding = 4; lastKnownFileType = sourcecode.swift; path = GetBookFiles.swift; sourceTree = "<group>"; };
		6424C152B951A858179A762B /* StringHtml.swift */ = {isa = PBXFileReference; fileEncoding = 4; lastKnownFileType = sourcecode.swift; path = StringHtml.swift; sourceTree = "<group>"; };
		6424C1FEC41C6D00BD0902DD /* UIKLabel.swift */ = {isa = PBXFileReference; fileEncoding = 4; lastKnownFileType = sourcecode.swift; path = UIKLabel.swift; sourceTree = "<group>"; };
		6424C516D4085774782BF804 /* BookFileDto.swift */ = {isa = PBXFileReference; fileEncoding = 4; lastKnownFileType = sourcecode.swift; path = BookFileDto.swift; sourceTree = "<group>"; };
		6424CCEDDE4EF89DFDE29C5A /* BookFile.swift */ = {isa = PBXFileReference; fileEncoding = 4; lastKnownFileType = sourcecode.swift; path = BookFile.swift; sourceTree = "<group>"; };
		AD0D19AE287310420023FB46 /* BookDetails.swift */ = {isa = PBXFileReference; lastKnownFileType = sourcecode.swift; path = BookDetails.swift; sourceTree = "<group>"; };
		AD0D19B2287314BC0023FB46 /* Book.swift */ = {isa = PBXFileReference; lastKnownFileType = sourcecode.swift; path = Book.swift; sourceTree = "<group>"; };
		AD0D19B5287316E90023FB46 /* BookDto.swift */ = {isa = PBXFileReference; lastKnownFileType = sourcecode.swift; path = BookDto.swift; sourceTree = "<group>"; };
		AD0D19BB287483420023FB46 /* DownloadBooks.swift */ = {isa = PBXFileReference; lastKnownFileType = sourcecode.swift; path = DownloadBooks.swift; sourceTree = "<group>"; };
		AD18FE0D28901A2F00D4DDE9 /* CarouselElement.swift */ = {isa = PBXFileReference; lastKnownFileType = sourcecode.swift; path = CarouselElement.swift; sourceTree = "<group>"; };
		AD43001B2870824B005D64B8 /* GetBooks.swift */ = {isa = PBXFileReference; lastKnownFileType = sourcecode.swift; path = GetBooks.swift; sourceTree = "<group>"; };
		AD430022287090AD005D64B8 /* boissibook--iOS--Info.plist */ = {isa = PBXFileReference; lastKnownFileType = text.plist; path = "boissibook--iOS--Info.plist"; sourceTree = "<group>"; };
		AD4300232871BB37005D64B8 /* TabMenu.swift */ = {isa = PBXFileReference; lastKnownFileType = sourcecode.swift; path = TabMenu.swift; sourceTree = "<group>"; };
		AD4300262871BCC4005D64B8 /* SearchBook.swift */ = {isa = PBXFileReference; lastKnownFileType = sourcecode.swift; path = SearchBook.swift; sourceTree = "<group>"; };
		AD4300292871BE5E005D64B8 /* SearchBooks.swift */ = {isa = PBXFileReference; lastKnownFileType = sourcecode.swift; path = SearchBooks.swift; sourceTree = "<group>"; };
		AD43002C2871C3E5005D64B8 /* SearchBookDto.swift */ = {isa = PBXFileReference; lastKnownFileType = sourcecode.swift; path = SearchBookDto.swift; sourceTree = "<group>"; };
		AD5A593C2879FFA800C462F0 /* DebounceObject.swift */ = {isa = PBXFileReference; lastKnownFileType = sourcecode.swift; path = DebounceObject.swift; sourceTree = "<group>"; };
		AD5A593E287A1A0300C462F0 /* CarouselBookView.swift */ = {isa = PBXFileReference; lastKnownFileType = sourcecode.swift; path = CarouselBookView.swift; sourceTree = "<group>"; };
		ADAA56A32870420300A2B960 /* Home.swift */ = {isa = PBXFileReference; lastKnownFileType = sourcecode.swift; path = Home.swift; sourceTree = "<group>"; };
		ADAA56A62870455200A2B960 /* CircleView.swift */ = {isa = PBXFileReference; lastKnownFileType = sourcecode.swift; path = CircleView.swift; sourceTree = "<group>"; };
		ADAA56AD28704DDB00A2B960 /* AudioPlayer.swift */ = {isa = PBXFileReference; lastKnownFileType = sourcecode.swift; path = AudioPlayer.swift; sourceTree = "<group>"; };
		ADB50B442874E99E00DFA47F /* LoadingView.swift */ = {isa = PBXFileReference; lastKnownFileType = sourcecode.swift; path = LoadingView.swift; sourceTree = "<group>"; };
		ADB50B4A2875DB1400DFA47F /* CarouselView.swift */ = {isa = PBXFileReference; lastKnownFileType = sourcecode.swift; path = CarouselView.swift; sourceTree = "<group>"; };
		ADB50B4D2875DC4300DFA47F /* Carousel.swift */ = {isa = PBXFileReference; lastKnownFileType = sourcecode.swift; path = Carousel.swift; sourceTree = "<group>"; };
		ADC20A3A2872BDC800FF7206 /* BookCellViewAdd.swift */ = {isa = PBXFileReference; lastKnownFileType = sourcecode.swift; path = BookCellViewAdd.swift; sourceTree = "<group>"; };
		ADC20A3D2872C1D200FF7206 /* AddBook.swift */ = {isa = PBXFileReference; lastKnownFileType = sourcecode.swift; path = AddBook.swift; sourceTree = "<group>"; };
		ADEBA9A9286E2D890083D038 /* boissibookApp.swift */ = {isa = PBXFileReference; lastKnownFileType = sourcecode.swift; path = boissibookApp.swift; sourceTree = "<group>"; };
		ADEBA9AA286E2D890083D038 /* ContentView.swift */ = {isa = PBXFileReference; lastKnownFileType = sourcecode.swift; path = ContentView.swift; sourceTree = "<group>"; };
		ADEBA9AB286E2D8B0083D038 /* Assets.xcassets */ = {isa = PBXFileReference; lastKnownFileType = folder.assetcatalog; path = Assets.xcassets; sourceTree = "<group>"; };
		ADEBA9B0286E2D8B0083D038 /* boissibook.app */ = {isa = PBXFileReference; explicitFileType = wrapper.application; includeInIndex = 0; path = boissibook.app; sourceTree = BUILT_PRODUCTS_DIR; };
		ADEBA9B6286E2D8B0083D038 /* boissibook.app */ = {isa = PBXFileReference; explicitFileType = wrapper.application; includeInIndex = 0; path = boissibook.app; sourceTree = BUILT_PRODUCTS_DIR; };
		ADEBA9B8286E2D8B0083D038 /* macOS.entitlements */ = {isa = PBXFileReference; lastKnownFileType = text.plist.entitlements; path = macOS.entitlements; sourceTree = "<group>"; };
		ADEBA9CD286E39950083D038 /* BooksHome.swift */ = {isa = PBXFileReference; lastKnownFileType = sourcecode.swift; path = BooksHome.swift; sourceTree = "<group>"; };
		ADEBA9D328703F640083D038 /* BookCellView.swift */ = {isa = PBXFileReference; lastKnownFileType = sourcecode.swift; path = BookCellView.swift; sourceTree = "<group>"; };
		D4F11161287D6FC000E9618F /* PdfBookView.swift */ = {isa = PBXFileReference; lastKnownFileType = sourcecode.swift; path = PdfBookView.swift; sourceTree = "<group>"; };
/* End PBXFileReference section */

/* Begin PBXFrameworksBuildPhase section */
		ADEBA9AD286E2D8B0083D038 /* Frameworks */ = {
			isa = PBXFrameworksBuildPhase;
			buildActionMask = 2147483647;
			files = (
			);
			runOnlyForDeploymentPostprocessing = 0;
		};
		ADEBA9B3286E2D8B0083D038 /* Frameworks */ = {
			isa = PBXFrameworksBuildPhase;
			buildActionMask = 2147483647;
			files = (
			);
			runOnlyForDeploymentPostprocessing = 0;
		};
/* End PBXFrameworksBuildPhase section */

/* Begin PBXGroup section */
		AD0D19B1287314AD0023FB46 /* models */ = {
			isa = PBXGroup;
			children = (
				AD0D19B2287314BC0023FB46 /* Book.swift */,
				6424CCEDDE4EF89DFDE29C5A /* BookFile.swift */,
			);
			path = models;
			sourceTree = "<group>";
		};
		AD43001928708227005D64B8 /* Services */ = {
			isa = PBXGroup;
			children = (
				AD43001A28708235005D64B8 /* Books */,
			);
			path = Services;
			sourceTree = "<group>";
		};
		AD43001A28708235005D64B8 /* Books */ = {
			isa = PBXGroup;
			children = (
				AD43001D287084B8005D64B8 /* Dto */,
				AD43001B2870824B005D64B8 /* GetBooks.swift */,
				AD4300292871BE5E005D64B8 /* SearchBooks.swift */,
				ADC20A3D2872C1D200FF7206 /* AddBook.swift */,
				6424C00AB64145722156CB18 /* GetBookFiles.swift */,
			);
			path = Books;
			sourceTree = "<group>";
		};
		AD43001D287084B8005D64B8 /* Dto */ = {
			isa = PBXGroup;
			children = (
				AD43002C2871C3E5005D64B8 /* SearchBookDto.swift */,
				AD0D19B5287316E90023FB46 /* BookDto.swift */,
				6424C516D4085774782BF804 /* BookFileDto.swift */,
			);
			path = Dto;
			sourceTree = "<group>";
		};
		ADEBA9A3286E2D890083D038 = {
			isa = PBXGroup;
			children = (
				AD430022287090AD005D64B8 /* boissibook--iOS--Info.plist */,
				ADEBA9A8286E2D890083D038 /* Shared */,
				ADEBA9B7286E2D8B0083D038 /* macOS */,
				ADEBA9B1286E2D8B0083D038 /* Products */,
			);
			sourceTree = "<group>";
		};
		ADEBA9A8286E2D890083D038 /* Shared */ = {
			isa = PBXGroup;
			children = (
				AD0D19B1287314AD0023FB46 /* models */,
				AD43001928708227005D64B8 /* Services */,
				ADEBA9C9286E354F0083D038 /* Utilities */,
				ADEBA9C8286E35330083D038 /* Views */,
				ADEBA9A9286E2D890083D038 /* boissibookApp.swift */,
				ADEBA9C7286E35190083D038 /* Screens */,
				ADEBA9AB286E2D8B0083D038 /* Assets.xcassets */,
			);
			path = Shared;
			sourceTree = "<group>";
		};
		ADEBA9B1286E2D8B0083D038 /* Products */ = {
			isa = PBXGroup;
			children = (
				ADEBA9B0286E2D8B0083D038 /* boissibook.app */,
				ADEBA9B6286E2D8B0083D038 /* boissibook.app */,
			);
			name = Products;
			sourceTree = "<group>";
		};
		ADEBA9B7286E2D8B0083D038 /* macOS */ = {
			isa = PBXGroup;
			children = (
				ADEBA9B8286E2D8B0083D038 /* macOS.entitlements */,
			);
			path = macOS;
			sourceTree = "<group>";
		};
		ADEBA9C7286E35190083D038 /* Screens */ = {
			isa = PBXGroup;
			children = (
				AD0D19BB287483420023FB46 /* DownloadBooks.swift */,
				ADEBA9AA286E2D890083D038 /* ContentView.swift */,
				ADEBA9CD286E39950083D038 /* BooksHome.swift */,
				ADAA56A32870420300A2B960 /* Home.swift */,
				AD4300232871BB37005D64B8 /* TabMenu.swift */,
				AD4300262871BCC4005D64B8 /* SearchBook.swift */,
				AD0D19AE287310420023FB46 /* BookDetails.swift */,
				D4F11161287D6FC000E9618F /* PdfBookView.swift */,
			);
			path = Screens;
			sourceTree = "<group>";
		};
		ADEBA9C8286E35330083D038 /* Views */ = {
			isa = PBXGroup;
			children = (
				ADEBA9D328703F640083D038 /* BookCellView.swift */,
				ADAA56A62870455200A2B960 /* CircleView.swift */,
				ADC20A3A2872BDC800FF7206 /* BookCellViewAdd.swift */,
				ADB50B442874E99E00DFA47F /* LoadingView.swift */,
				ADB50B4A2875DB1400DFA47F /* CarouselView.swift */,
				ADB50B4D2875DC4300DFA47F /* Carousel.swift */,
				6424C1FEC41C6D00BD0902DD /* UIKLabel.swift */,
				AD5A593E287A1A0300C462F0 /* CarouselBookView.swift */,
				AD18FE0D28901A2F00D4DDE9 /* CarouselElement.swift */,
			);
			path = Views;
			sourceTree = "<group>";
		};
		ADEBA9C9286E354F0083D038 /* Utilities */ = {
			isa = PBXGroup;
			children = (
				ADAA56AD28704DDB00A2B960 /* AudioPlayer.swift */,
				6424C152B951A858179A762B /* StringHtml.swift */,
				AD5A593C2879FFA800C462F0 /* DebounceObject.swift */,
			);
			path = Utilities;
			sourceTree = "<group>";
		};
/* End PBXGroup section */

/* Begin PBXNativeTarget section */
		ADEBA9AF286E2D8B0083D038 /* boissibook (iOS) */ = {
			isa = PBXNativeTarget;
			buildConfigurationList = ADEBA9C1286E2D8B0083D038 /* Build configuration list for PBXNativeTarget "boissibook (iOS)" */;
			buildPhases = (
				ADEBA9AC286E2D8B0083D038 /* Sources */,
				ADEBA9AD286E2D8B0083D038 /* Frameworks */,
				ADEBA9AE286E2D8B0083D038 /* Resources */,
			);
			buildRules = (
			);
			dependencies = (
			);
			name = "boissibook (iOS)";
			productName = "boissibook (iOS)";
			productReference = ADEBA9B0286E2D8B0083D038 /* boissibook.app */;
			productType = "com.apple.product-type.application";
		};
		ADEBA9B5286E2D8B0083D038 /* boissibook (macOS) */ = {
			isa = PBXNativeTarget;
			buildConfigurationList = ADEBA9C4286E2D8B0083D038 /* Build configuration list for PBXNativeTarget "boissibook (macOS)" */;
			buildPhases = (
				ADEBA9B2286E2D8B0083D038 /* Sources */,
				ADEBA9B3286E2D8B0083D038 /* Frameworks */,
				ADEBA9B4286E2D8B0083D038 /* Resources */,
			);
			buildRules = (
			);
			dependencies = (
			);
			name = "boissibook (macOS)";
			productName = "boissibook (macOS)";
			productReference = ADEBA9B6286E2D8B0083D038 /* boissibook.app */;
			productType = "com.apple.product-type.application";
		};
/* End PBXNativeTarget section */

/* Begin PBXProject section */
		ADEBA9A4286E2D890083D038 /* Project object */ = {
			isa = PBXProject;
			attributes = {
				BuildIndependentTargetsInParallel = 1;
				LastSwiftUpdateCheck = 1330;
				LastUpgradeCheck = 1330;
				TargetAttributes = {
					ADEBA9AF286E2D8B0083D038 = {
						CreatedOnToolsVersion = 13.3.1;
					};
					ADEBA9B5286E2D8B0083D038 = {
						CreatedOnToolsVersion = 13.3.1;
					};
				};
			};
			buildConfigurationList = ADEBA9A7286E2D890083D038 /* Build configuration list for PBXProject "boissibook" */;
			compatibilityVersion = "Xcode 13.0";
			developmentRegion = en;
			hasScannedForEncodings = 0;
			knownRegions = (
				en,
				Base,
			);
			mainGroup = ADEBA9A3286E2D890083D038;
			productRefGroup = ADEBA9B1286E2D8B0083D038 /* Products */;
			projectDirPath = "";
			projectRoot = "";
			targets = (
				ADEBA9AF286E2D8B0083D038 /* boissibook (iOS) */,
				ADEBA9B5286E2D8B0083D038 /* boissibook (macOS) */,
			);
		};
/* End PBXProject section */

/* Begin PBXResourcesBuildPhase section */
		ADEBA9AE286E2D8B0083D038 /* Resources */ = {
			isa = PBXResourcesBuildPhase;
			buildActionMask = 2147483647;
			files = (
				ADEBA9BD286E2D8B0083D038 /* Assets.xcassets in Resources */,
			);
			runOnlyForDeploymentPostprocessing = 0;
		};
		ADEBA9B4286E2D8B0083D038 /* Resources */ = {
			isa = PBXResourcesBuildPhase;
			buildActionMask = 2147483647;
			files = (
				ADEBA9BE286E2D8B0083D038 /* Assets.xcassets in Resources */,
			);
			runOnlyForDeploymentPostprocessing = 0;
		};
/* End PBXResourcesBuildPhase section */

/* Begin PBXSourcesBuildPhase section */
		ADEBA9AC286E2D8B0083D038 /* Sources */ = {
			isa = PBXSourcesBuildPhase;
			buildActionMask = 2147483647;
			files = (
				AD4300272871BCC4005D64B8 /* SearchBook.swift in Sources */,
				ADEBA9BB286E2D8B0083D038 /* ContentView.swift in Sources */,
				ADEBA9B9286E2D8B0083D038 /* boissibookApp.swift in Sources */,
				ADEBA9CE286E39950083D038 /* BooksHome.swift in Sources */,
				AD0D19B6287316E90023FB46 /* BookDto.swift in Sources */,
				D4F11162287D6FC000E9618F /* PdfBookView.swift in Sources */,
				ADB50B452874E99E00DFA47F /* LoadingView.swift in Sources */,
				AD43002A2871BE5E005D64B8 /* SearchBooks.swift in Sources */,
				AD43001C2870824B005D64B8 /* GetBooks.swift in Sources */,
				AD43002D2871C3E5005D64B8 /* SearchBookDto.swift in Sources */,
				ADC20A3B2872BDC800FF7206 /* BookCellViewAdd.swift in Sources */,
				ADAA56AE28704DDB00A2B960 /* AudioPlayer.swift in Sources */,
				ADAA56A42870420300A2B960 /* Home.swift in Sources */,
				ADAA56A72870455200A2B960 /* CircleView.swift in Sources */,
				AD5A593F287A1A0300C462F0 /* CarouselBookView.swift in Sources */,
				ADC20A3E2872C1D200FF7206 /* AddBook.swift in Sources */,
				AD18FE0E28901A2F00D4DDE9 /* CarouselElement.swift in Sources */,
				AD0D19AF287310420023FB46 /* BookDetails.swift in Sources */,
				AD5A593D2879FFA800C462F0 /* DebounceObject.swift in Sources */,
				AD0D19BC287483420023FB46 /* DownloadBooks.swift in Sources */,
				AD0D19B3287314BC0023FB46 /* Book.swift in Sources */,
				ADEBA9D428703F640083D038 /* BookCellView.swift in Sources */,
				ADB50B4E2875DC4300DFA47F /* Carousel.swift in Sources */,
				AD4300242871BB37005D64B8 /* TabMenu.swift in Sources */,
				ADB50B4B2875DB1400DFA47F /* CarouselView.swift in Sources */,
				6424CEC058D5D6B951485B05 /* UIKLabel.swift in Sources */,
				6424C0FA1CC6C1DB28E4590D /* StringHtml.swift in Sources */,
				6424CC82C08A6C586E3CE56C /* GetBookFiles.swift in Sources */,
				6424C3B1D0F6855EF598CCA4 /* BookFileDto.swift in Sources */,
				6424C75D0015B7670563AA3F /* BookFile.swift in Sources */,
			);
			runOnlyForDeploymentPostprocessing = 0;
		};
		ADEBA9B2286E2D8B0083D038 /* Sources */ = {
			isa = PBXSourcesBuildPhase;
			buildActionMask = 2147483647;
			files = (
				D4F11163287D6FC000E9618F /* PdfBookView.swift in Sources */,
				AD0D19B4287314BC0023FB46 /* Book.swift in Sources */,
				ADEBA9BC286E2D8B0083D038 /* ContentView.swift in Sources */,
				ADB50B4C2875DB1400DFA47F /* CarouselView.swift in Sources */,
				AD0D19BD287483420023FB46 /* DownloadBooks.swift in Sources */,
				ADC20A3C2872BDC800FF7206 /* BookCellViewAdd.swift in Sources */,
				ADC20A3F2872C1D200FF7206 /* AddBook.swift in Sources */,
				ADEBA9BA286E2D8B0083D038 /* boissibookApp.swift in Sources */,
				AD0D19B7287316E90023FB46 /* BookDto.swift in Sources */,
				AD43002B2871BE5E005D64B8 /* SearchBooks.swift in Sources */,
				AD4300282871BCC4005D64B8 /* SearchBook.swift in Sources */,
				AD4300252871BB37005D64B8 /* TabMenu.swift in Sources */,
				ADEBA9CF286E39950083D038 /* BooksHome.swift in Sources */,
				AD43002E2871C3E5005D64B8 /* SearchBookDto.swift in Sources */,
				ADB50B462874E99E00DFA47F /* LoadingView.swift in Sources */,
				ADAA56AF28704DDB00A2B960 /* AudioPlayer.swift in Sources */,
				ADAA56A52870420300A2B960 /* Home.swift in Sources */,
				ADAA56A82870455200A2B960 /* CircleView.swift in Sources */,
				ADB50B4F2875DC4300DFA47F /* Carousel.swift in Sources */,
				ADEBA9D528703F640083D038 /* BookCellView.swift in Sources */,
				AD0D19B0287310420023FB46 /* BookDetails.swift in Sources */,
			);
			runOnlyForDeploymentPostprocessing = 0;
		};
/* End PBXSourcesBuildPhase section */

/* Begin XCBuildConfiguration section */
		ADEBA9BF286E2D8B0083D038 /* Debug */ = {
			isa = XCBuildConfiguration;
			buildSettings = {
				ALWAYS_SEARCH_USER_PATHS = NO;
				CLANG_ANALYZER_NONNULL = YES;
				CLANG_ANALYZER_NUMBER_OBJECT_CONVERSION = YES_AGGRESSIVE;
				CLANG_CXX_LANGUAGE_STANDARD = "gnu++17";
				CLANG_ENABLE_MODULES = YES;
				CLANG_ENABLE_OBJC_ARC = YES;
				CLANG_ENABLE_OBJC_WEAK = YES;
				CLANG_WARN_BLOCK_CAPTURE_AUTORELEASING = YES;
				CLANG_WARN_BOOL_CONVERSION = YES;
				CLANG_WARN_COMMA = YES;
				CLANG_WARN_CONSTANT_CONVERSION = YES;
				CLANG_WARN_DEPRECATED_OBJC_IMPLEMENTATIONS = YES;
				CLANG_WARN_DIRECT_OBJC_ISA_USAGE = YES_ERROR;
				CLANG_WARN_DOCUMENTATION_COMMENTS = YES;
				CLANG_WARN_EMPTY_BODY = YES;
				CLANG_WARN_ENUM_CONVERSION = YES;
				CLANG_WARN_INFINITE_RECURSION = YES;
				CLANG_WARN_INT_CONVERSION = YES;
				CLANG_WARN_NON_LITERAL_NULL_CONVERSION = YES;
				CLANG_WARN_OBJC_IMPLICIT_RETAIN_SELF = YES;
				CLANG_WARN_OBJC_LITERAL_CONVERSION = YES;
				CLANG_WARN_OBJC_ROOT_CLASS = YES_ERROR;
				CLANG_WARN_QUOTED_INCLUDE_IN_FRAMEWORK_HEADER = YES;
				CLANG_WARN_RANGE_LOOP_ANALYSIS = YES;
				CLANG_WARN_STRICT_PROTOTYPES = YES;
				CLANG_WARN_SUSPICIOUS_MOVE = YES;
				CLANG_WARN_UNGUARDED_AVAILABILITY = YES_AGGRESSIVE;
				CLANG_WARN_UNREACHABLE_CODE = YES;
				CLANG_WARN__DUPLICATE_METHOD_MATCH = YES;
				COPY_PHASE_STRIP = NO;
				DEBUG_INFORMATION_FORMAT = dwarf;
				ENABLE_STRICT_OBJC_MSGSEND = YES;
				ENABLE_TESTABILITY = YES;
				GCC_C_LANGUAGE_STANDARD = gnu11;
				GCC_DYNAMIC_NO_PIC = NO;
				GCC_NO_COMMON_BLOCKS = YES;
				GCC_OPTIMIZATION_LEVEL = 0;
				GCC_PREPROCESSOR_DEFINITIONS = (
					"DEBUG=1",
					"$(inherited)",
				);
				GCC_WARN_64_TO_32_BIT_CONVERSION = YES;
				GCC_WARN_ABOUT_RETURN_TYPE = YES_ERROR;
				GCC_WARN_UNDECLARED_SELECTOR = YES;
				GCC_WARN_UNINITIALIZED_AUTOS = YES_AGGRESSIVE;
				GCC_WARN_UNUSED_FUNCTION = YES;
				GCC_WARN_UNUSED_VARIABLE = YES;
				MTL_ENABLE_DEBUG_INFO = INCLUDE_SOURCE;
				MTL_FAST_MATH = YES;
				ONLY_ACTIVE_ARCH = YES;
				SWIFT_ACTIVE_COMPILATION_CONDITIONS = DEBUG;
				SWIFT_OPTIMIZATION_LEVEL = "-Onone";
			};
			name = Debug;
		};
		ADEBA9C0286E2D8B0083D038 /* Release */ = {
			isa = XCBuildConfiguration;
			buildSettings = {
				ALWAYS_SEARCH_USER_PATHS = NO;
				CLANG_ANALYZER_NONNULL = YES;
				CLANG_ANALYZER_NUMBER_OBJECT_CONVERSION = YES_AGGRESSIVE;
				CLANG_CXX_LANGUAGE_STANDARD = "gnu++17";
				CLANG_ENABLE_MODULES = YES;
				CLANG_ENABLE_OBJC_ARC = YES;
				CLANG_ENABLE_OBJC_WEAK = YES;
				CLANG_WARN_BLOCK_CAPTURE_AUTORELEASING = YES;
				CLANG_WARN_BOOL_CONVERSION = YES;
				CLANG_WARN_COMMA = YES;
				CLANG_WARN_CONSTANT_CONVERSION = YES;
				CLANG_WARN_DEPRECATED_OBJC_IMPLEMENTATIONS = YES;
				CLANG_WARN_DIRECT_OBJC_ISA_USAGE = YES_ERROR;
				CLANG_WARN_DOCUMENTATION_COMMENTS = YES;
				CLANG_WARN_EMPTY_BODY = YES;
				CLANG_WARN_ENUM_CONVERSION = YES;
				CLANG_WARN_INFINITE_RECURSION = YES;
				CLANG_WARN_INT_CONVERSION = YES;
				CLANG_WARN_NON_LITERAL_NULL_CONVERSION = YES;
				CLANG_WARN_OBJC_IMPLICIT_RETAIN_SELF = YES;
				CLANG_WARN_OBJC_LITERAL_CONVERSION = YES;
				CLANG_WARN_OBJC_ROOT_CLASS = YES_ERROR;
				CLANG_WARN_QUOTED_INCLUDE_IN_FRAMEWORK_HEADER = YES;
				CLANG_WARN_RANGE_LOOP_ANALYSIS = YES;
				CLANG_WARN_STRICT_PROTOTYPES = YES;
				CLANG_WARN_SUSPICIOUS_MOVE = YES;
				CLANG_WARN_UNGUARDED_AVAILABILITY = YES_AGGRESSIVE;
				CLANG_WARN_UNREACHABLE_CODE = YES;
				CLANG_WARN__DUPLICATE_METHOD_MATCH = YES;
				COPY_PHASE_STRIP = NO;
				DEBUG_INFORMATION_FORMAT = "dwarf-with-dsym";
				ENABLE_NS_ASSERTIONS = NO;
				ENABLE_STRICT_OBJC_MSGSEND = YES;
				GCC_C_LANGUAGE_STANDARD = gnu11;
				GCC_NO_COMMON_BLOCKS = YES;
				GCC_WARN_64_TO_32_BIT_CONVERSION = YES;
				GCC_WARN_ABOUT_RETURN_TYPE = YES_ERROR;
				GCC_WARN_UNDECLARED_SELECTOR = YES;
				GCC_WARN_UNINITIALIZED_AUTOS = YES_AGGRESSIVE;
				GCC_WARN_UNUSED_FUNCTION = YES;
				GCC_WARN_UNUSED_VARIABLE = YES;
				MTL_ENABLE_DEBUG_INFO = NO;
				MTL_FAST_MATH = YES;
				SWIFT_COMPILATION_MODE = wholemodule;
				SWIFT_OPTIMIZATION_LEVEL = "-O";
			};
			name = Release;
		};
		ADEBA9C2286E2D8B0083D038 /* Debug */ = {
			isa = XCBuildConfiguration;
			buildSettings = {
				ASSETCATALOG_COMPILER_APPICON_NAME = AppIcon;
				ASSETCATALOG_COMPILER_GLOBAL_ACCENT_COLOR_NAME = AccentColor;
				CODE_SIGN_STYLE = Automatic;
				CURRENT_PROJECT_VERSION = 1;
				ENABLE_PREVIEWS = YES;
				GENERATE_INFOPLIST_FILE = YES;
				INFOPLIST_FILE = "boissibook--iOS--Info.plist";
				INFOPLIST_KEY_UIApplicationSceneManifest_Generation = YES;
				INFOPLIST_KEY_UIApplicationSupportsIndirectInputEvents = YES;
				INFOPLIST_KEY_UILaunchScreen_Generation = YES;
				INFOPLIST_KEY_UISupportedInterfaceOrientations = UIInterfaceOrientationPortrait;
				INFOPLIST_KEY_UISupportedInterfaceOrientations_iPad = "UIInterfaceOrientationPortrait UIInterfaceOrientationPortraitUpsideDown UIInterfaceOrientationLandscapeLeft UIInterfaceOrientationLandscapeRight";
				INFOPLIST_KEY_UISupportedInterfaceOrientations_iPhone = "UIInterfaceOrientationPortrait UIInterfaceOrientationLandscapeLeft UIInterfaceOrientationLandscapeRight";
				IPHONEOS_DEPLOYMENT_TARGET = 15.4;
				LD_RUNPATH_SEARCH_PATHS = (
					"$(inherited)",
					"@executable_path/Frameworks",
				);
				MARKETING_VERSION = 1.0;
				PRODUCT_BUNDLE_IDENTIFIER = fr.esgi.boissibook;
				PRODUCT_NAME = boissibook;
				SDKROOT = iphoneos;
				SWIFT_EMIT_LOC_STRINGS = YES;
				SWIFT_VERSION = 5.0;
				TARGETED_DEVICE_FAMILY = "1,2";
			};
			name = Debug;
		};
		ADEBA9C3286E2D8B0083D038 /* Release */ = {
			isa = XCBuildConfiguration;
			buildSettings = {
				ASSETCATALOG_COMPILER_APPICON_NAME = AppIcon;
				ASSETCATALOG_COMPILER_GLOBAL_ACCENT_COLOR_NAME = AccentColor;
				CODE_SIGN_STYLE = Automatic;
				CURRENT_PROJECT_VERSION = 1;
				ENABLE_PREVIEWS = YES;
				GENERATE_INFOPLIST_FILE = YES;
				INFOPLIST_FILE = "boissibook--iOS--Info.plist";
				INFOPLIST_KEY_UIApplicationSceneManifest_Generation = YES;
				INFOPLIST_KEY_UIApplicationSupportsIndirectInputEvents = YES;
				INFOPLIST_KEY_UILaunchScreen_Generation = YES;
				INFOPLIST_KEY_UISupportedInterfaceOrientations = UIInterfaceOrientationPortrait;
				INFOPLIST_KEY_UISupportedInterfaceOrientations_iPad = "UIInterfaceOrientationPortrait UIInterfaceOrientationPortraitUpsideDown UIInterfaceOrientationLandscapeLeft UIInterfaceOrientationLandscapeRight";
				INFOPLIST_KEY_UISupportedInterfaceOrientations_iPhone = "UIInterfaceOrientationPortrait UIInterfaceOrientationLandscapeLeft UIInterfaceOrientationLandscapeRight";
				IPHONEOS_DEPLOYMENT_TARGET = 15.4;
				LD_RUNPATH_SEARCH_PATHS = (
					"$(inherited)",
					"@executable_path/Frameworks",
				);
				MARKETING_VERSION = 1.0;
				PRODUCT_BUNDLE_IDENTIFIER = fr.esgi.boissibook;
				PRODUCT_NAME = boissibook;
				SDKROOT = iphoneos;
				SWIFT_EMIT_LOC_STRINGS = YES;
				SWIFT_VERSION = 5.0;
				TARGETED_DEVICE_FAMILY = "1,2";
				VALIDATE_PRODUCT = YES;
			};
			name = Release;
		};
		ADEBA9C5286E2D8B0083D038 /* Debug */ = {
			isa = XCBuildConfiguration;
			buildSettings = {
				ASSETCATALOG_COMPILER_APPICON_NAME = AppIcon;
				ASSETCATALOG_COMPILER_GLOBAL_ACCENT_COLOR_NAME = AccentColor;
				CODE_SIGN_ENTITLEMENTS = macOS/macOS.entitlements;
				CODE_SIGN_STYLE = Automatic;
				COMBINE_HIDPI_IMAGES = YES;
				CURRENT_PROJECT_VERSION = 1;
				ENABLE_PREVIEWS = YES;
				GENERATE_INFOPLIST_FILE = YES;
				INFOPLIST_KEY_NSHumanReadableCopyright = "";
				LD_RUNPATH_SEARCH_PATHS = (
					"$(inherited)",
					"@executable_path/../Frameworks",
				);
				MACOSX_DEPLOYMENT_TARGET = 12.3;
				MARKETING_VERSION = 1.0;
				PRODUCT_BUNDLE_IDENTIFIER = fr.esgi.boissibook;
				PRODUCT_NAME = boissibook;
				SDKROOT = macosx;
				SWIFT_EMIT_LOC_STRINGS = YES;
				SWIFT_VERSION = 5.0;
			};
			name = Debug;
		};
		ADEBA9C6286E2D8B0083D038 /* Release */ = {
			isa = XCBuildConfiguration;
			buildSettings = {
				ASSETCATALOG_COMPILER_APPICON_NAME = AppIcon;
				ASSETCATALOG_COMPILER_GLOBAL_ACCENT_COLOR_NAME = AccentColor;
				CODE_SIGN_ENTITLEMENTS = macOS/macOS.entitlements;
				CODE_SIGN_STYLE = Automatic;
				COMBINE_HIDPI_IMAGES = YES;
				CURRENT_PROJECT_VERSION = 1;
				ENABLE_PREVIEWS = YES;
				GENERATE_INFOPLIST_FILE = YES;
				INFOPLIST_KEY_NSHumanReadableCopyright = "";
				LD_RUNPATH_SEARCH_PATHS = (
					"$(inherited)",
					"@executable_path/../Frameworks",
				);
				MACOSX_DEPLOYMENT_TARGET = 12.3;
				MARKETING_VERSION = 1.0;
				PRODUCT_BUNDLE_IDENTIFIER = fr.esgi.boissibook;
				PRODUCT_NAME = boissibook;
				SDKROOT = macosx;
				SWIFT_EMIT_LOC_STRINGS = YES;
				SWIFT_VERSION = 5.0;
			};
			name = Release;
		};
/* End XCBuildConfiguration section */

/* Begin XCConfigurationList section */
		ADEBA9A7286E2D890083D038 /* Build configuration list for PBXProject "boissibook" */ = {
			isa = XCConfigurationList;
			buildConfigurations = (
				ADEBA9BF286E2D8B0083D038 /* Debug */,
				ADEBA9C0286E2D8B0083D038 /* Release */,
			);
			defaultConfigurationIsVisible = 0;
			defaultConfigurationName = Release;
		};
		ADEBA9C1286E2D8B0083D038 /* Build configuration list for PBXNativeTarget "boissibook (iOS)" */ = {
			isa = XCConfigurationList;
			buildConfigurations = (
				ADEBA9C2286E2D8B0083D038 /* Debug */,
				ADEBA9C3286E2D8B0083D038 /* Release */,
			);
			defaultConfigurationIsVisible = 0;
			defaultConfigurationName = Release;
		};
		ADEBA9C4286E2D8B0083D038 /* Build configuration list for PBXNativeTarget "boissibook (macOS)" */ = {
			isa = XCConfigurationList;
			buildConfigurations = (
				ADEBA9C5286E2D8B0083D038 /* Debug */,
				ADEBA9C6286E2D8B0083D038 /* Release */,
			);
			defaultConfigurationIsVisible = 0;
			defaultConfigurationName = Release;
		};
/* End XCConfigurationList section */
	};
	rootObject = ADEBA9A4286E2D890083D038 /* Project object */;
}
